// !$*UTF8*$!
{
	archiveVersion = 1;
	classes = {
	};
	objectVersion = 46;
	objects = {

/* Begin PBXBuildFile section */
		8103D0B71E12464900A922B1 /* main.m in Sources */ = {isa = PBXBuildFile; fileRef = 8103D0B61E12464900A922B1 /* main.m */; };
		8103D0BA1E12464900A922B1 /* AppDelegate.m in Sources */ = {isa = PBXBuildFile; fileRef = 8103D0B91E12464900A922B1 /* AppDelegate.m */; };
		8103D0BD1E12464900A922B1 /* ViewController.m in Sources */ = {isa = PBXBuildFile; fileRef = 8103D0BC1E12464900A922B1 /* ViewController.m */; };
		8103D0C01E12464900A922B1 /* Main.storyboard in Resources */ = {isa = PBXBuildFile; fileRef = 8103D0BE1E12464900A922B1 /* Main.storyboard */; };
		8103D0C21E12464900A922B1 /* Assets.xcassets in Resources */ = {isa = PBXBuildFile; fileRef = 8103D0C11E12464900A922B1 /* Assets.xcassets */; };
		8103D0C51E12464900A922B1 /* LaunchScreen.storyboard in Resources */ = {isa = PBXBuildFile; fileRef = 8103D0C31E12464900A922B1 /* LaunchScreen.storyboard */; };
		8103D0D01E12464900A922B1 /* DemoForInterviewingCrazybabyTests.m in Sources */ = {isa = PBXBuildFile; fileRef = 8103D0CF1E12464900A922B1 /* DemoForInterviewingCrazybabyTests.m */; };
		8103D0DB1E12464A00A922B1 /* DemoForInterviewingCrazybabyUITests.m in Sources */ = {isa = PBXBuildFile; fileRef = 8103D0DA1E12464A00A922B1 /* DemoForInterviewingCrazybabyUITests.m */; };
		8103D0F61E1247A600A922B1 /* AFHTTPSessionManager.m in Sources */ = {isa = PBXBuildFile; fileRef = 8103D0EA1E1247A600A922B1 /* AFHTTPSessionManager.m */; };
		8103D0F71E1247A600A922B1 /* AFNetworkReachabilityManager.m in Sources */ = {isa = PBXBuildFile; fileRef = 8103D0ED1E1247A600A922B1 /* AFNetworkReachabilityManager.m */; };
		8103D0F81E1247A600A922B1 /* AFSecurityPolicy.m in Sources */ = {isa = PBXBuildFile; fileRef = 8103D0EF1E1247A600A922B1 /* AFSecurityPolicy.m */; };
		8103D0F91E1247A600A922B1 /* AFURLRequestSerialization.m in Sources */ = {isa = PBXBuildFile; fileRef = 8103D0F11E1247A600A922B1 /* AFURLRequestSerialization.m */; };
		8103D0FA1E1247A600A922B1 /* AFURLResponseSerialization.m in Sources */ = {isa = PBXBuildFile; fileRef = 8103D0F31E1247A600A922B1 /* AFURLResponseSerialization.m */; };
		8103D0FB1E1247A600A922B1 /* AFURLSessionManager.m in Sources */ = {isa = PBXBuildFile; fileRef = 8103D0F51E1247A600A922B1 /* AFURLSessionManager.m */; };
		8103D0FF1E126A7800A922B1 /* NetworkManager.m in Sources */ = {isa = PBXBuildFile; fileRef = 8103D0FE1E126A7800A922B1 /* NetworkManager.m */; };
		8103D1021E12721800A922B1 /* HSearchViewController.m in Sources */ = {isa = PBXBuildFile; fileRef = 8103D1011E12721800A922B1 /* HSearchViewController.m */; };
		8103D1051E12734500A922B1 /* RepoModel.m in Sources */ = {isa = PBXBuildFile; fileRef = 8103D1041E12734500A922B1 /* RepoModel.m */; };
		81D80EE41E138CAB001376FF /* HDetailViewController.m in Sources */ = {isa = PBXBuildFile; fileRef = 81D80EE31E138CAB001376FF /* HDetailViewController.m */; };
		81D80EE71E13C971001376FF /* HWebViewController.m in Sources */ = {isa = PBXBuildFile; fileRef = 81D80EE61E13C971001376FF /* HWebViewController.m */; };
		81E17C7B1E14A4D200CEA205 /* MJRefreshAutoFooter.m in Sources */ = {isa = PBXBuildFile; fileRef = 81E17C4F1E14A4D100CEA205 /* MJRefreshAutoFooter.m */; };
		81E17C7C1E14A4D200CEA205 /* MJRefreshBackFooter.m in Sources */ = {isa = PBXBuildFile; fileRef = 81E17C511E14A4D100CEA205 /* MJRefreshBackFooter.m */; };
		81E17C7D1E14A4D200CEA205 /* MJRefreshComponent.m in Sources */ = {isa = PBXBuildFile; fileRef = 81E17C531E14A4D100CEA205 /* MJRefreshComponent.m */; };
		81E17C7E1E14A4D200CEA205 /* MJRefreshFooter.m in Sources */ = {isa = PBXBuildFile; fileRef = 81E17C551E14A4D100CEA205 /* MJRefreshFooter.m */; };
		81E17C7F1E14A4D200CEA205 /* MJRefreshHeader.m in Sources */ = {isa = PBXBuildFile; fileRef = 81E17C571E14A4D100CEA205 /* MJRefreshHeader.m */; };
		81E17C801E14A4D200CEA205 /* MJRefreshAutoGifFooter.m in Sources */ = {isa = PBXBuildFile; fileRef = 81E17C5C1E14A4D100CEA205 /* MJRefreshAutoGifFooter.m */; };
		81E17C811E14A4D200CEA205 /* MJRefreshAutoNormalFooter.m in Sources */ = {isa = PBXBuildFile; fileRef = 81E17C5E1E14A4D100CEA205 /* MJRefreshAutoNormalFooter.m */; };
		81E17C821E14A4D200CEA205 /* MJRefreshAutoStateFooter.m in Sources */ = {isa = PBXBuildFile; fileRef = 81E17C601E14A4D100CEA205 /* MJRefreshAutoStateFooter.m */; };
		81E17C831E14A4D200CEA205 /* MJRefreshBackGifFooter.m in Sources */ = {isa = PBXBuildFile; fileRef = 81E17C631E14A4D100CEA205 /* MJRefreshBackGifFooter.m */; };
		81E17C841E14A4D200CEA205 /* MJRefreshBackNormalFooter.m in Sources */ = {isa = PBXBuildFile; fileRef = 81E17C651E14A4D100CEA205 /* MJRefreshBackNormalFooter.m */; };
		81E17C851E14A4D200CEA205 /* MJRefreshBackStateFooter.m in Sources */ = {isa = PBXBuildFile; fileRef = 81E17C671E14A4D100CEA205 /* MJRefreshBackStateFooter.m */; };
		81E17C861E14A4D200CEA205 /* MJRefreshGifHeader.m in Sources */ = {isa = PBXBuildFile; fileRef = 81E17C6A1E14A4D100CEA205 /* MJRefreshGifHeader.m */; };
		81E17C871E14A4D200CEA205 /* MJRefreshNormalHeader.m in Sources */ = {isa = PBXBuildFile; fileRef = 81E17C6C1E14A4D100CEA205 /* MJRefreshNormalHeader.m */; };
		81E17C881E14A4D200CEA205 /* MJRefreshStateHeader.m in Sources */ = {isa = PBXBuildFile; fileRef = 81E17C6E1E14A4D100CEA205 /* MJRefreshStateHeader.m */; };
		81E17C891E14A4D200CEA205 /* MJRefresh.bundle in Resources */ = {isa = PBXBuildFile; fileRef = 81E17C6F1E14A4D100CEA205 /* MJRefresh.bundle */; };
		81E17C8A1E14A4D200CEA205 /* MJRefreshConst.m in Sources */ = {isa = PBXBuildFile; fileRef = 81E17C721E14A4D100CEA205 /* MJRefreshConst.m */; };
		81E17C8B1E14A4D200CEA205 /* NSBundle+MJRefresh.m in Sources */ = {isa = PBXBuildFile; fileRef = 81E17C741E14A4D100CEA205 /* NSBundle+MJRefresh.m */; };
		81E17C8C1E14A4D200CEA205 /* UIScrollView+MJExtension.m in Sources */ = {isa = PBXBuildFile; fileRef = 81E17C761E14A4D100CEA205 /* UIScrollView+MJExtension.m */; };
		81E17C8D1E14A4D200CEA205 /* UIScrollView+MJRefresh.m in Sources */ = {isa = PBXBuildFile; fileRef = 81E17C781E14A4D200CEA205 /* UIScrollView+MJRefresh.m */; };
		81E17C8E1E14A4D200CEA205 /* UIView+MJExtension.m in Sources */ = {isa = PBXBuildFile; fileRef = 81E17C7A1E14A4D200CEA205 /* UIView+MJExtension.m */; };
/* End PBXBuildFile section */

/* Begin PBXContainerItemProxy section */
		8103D0CC1E12464900A922B1 /* PBXContainerItemProxy */ = {
			isa = PBXContainerItemProxy;
			containerPortal = 8103D0AA1E12464900A922B1 /* Project object */;
			proxyType = 1;
			remoteGlobalIDString = 8103D0B11E12464900A922B1;
			remoteInfo = DemoForInterviewingCrazybaby;
		};
		8103D0D71E12464900A922B1 /* PBXContainerItemProxy */ = {
			isa = PBXContainerItemProxy;
			containerPortal = 8103D0AA1E12464900A922B1 /* Project object */;
			proxyType = 1;
			remoteGlobalIDString = 8103D0B11E12464900A922B1;
			remoteInfo = DemoForInterviewingCrazybaby;
		};
/* End PBXContainerItemProxy section */

/* Begin PBXFileReference section */
		8103D0B21E12464900A922B1 /* DemoForInterviewingCrazybaby.app */ = {isa = PBXFileReference; explicitFileType = wrapper.application; includeInIndex = 0; path = DemoForInterviewingCrazybaby.app; sourceTree = BUILT_PRODUCTS_DIR; };
		8103D0B61E12464900A922B1 /* main.m */ = {isa = PBXFileReference; lastKnownFileType = sourcecode.c.objc; path = main.m; sourceTree = "<group>"; };
		8103D0B81E12464900A922B1 /* AppDelegate.h */ = {isa = PBXFileReference; lastKnownFileType = sourcecode.c.h; path = AppDelegate.h; sourceTree = "<group>"; };
		8103D0B91E12464900A922B1 /* AppDelegate.m */ = {isa = PBXFileReference; lastKnownFileType = sourcecode.c.objc; path = AppDelegate.m; sourceTree = "<group>"; };
		8103D0BB1E12464900A922B1 /* ViewController.h */ = {isa = PBXFileReference; lastKnownFileType = sourcecode.c.h; path = ViewController.h; sourceTree = "<group>"; };
		8103D0BC1E12464900A922B1 /* ViewController.m */ = {isa = PBXFileReference; lastKnownFileType = sourcecode.c.objc; path = ViewController.m; sourceTree = "<group>"; };
		8103D0BF1E12464900A922B1 /* Base */ = {isa = PBXFileReference; lastKnownFileType = file.storyboard; name = Base; path = Base.lproj/Main.storyboard; sourceTree = "<group>"; };
		8103D0C11E12464900A922B1 /* Assets.xcassets */ = {isa = PBXFileReference; lastKnownFileType = folder.assetcatalog; path = Assets.xcassets; sourceTree = "<group>"; };
		8103D0C41E12464900A922B1 /* Base */ = {isa = PBXFileReference; lastKnownFileType = file.storyboard; name = Base; path = Base.lproj/LaunchScreen.storyboard; sourceTree = "<group>"; };
		8103D0C61E12464900A922B1 /* Info.plist */ = {isa = PBXFileReference; lastKnownFileType = text.plist.xml; path = Info.plist; sourceTree = "<group>"; };
		8103D0CB1E12464900A922B1 /* DemoForInterviewingCrazybabyTests.xctest */ = {isa = PBXFileReference; explicitFileType = wrapper.cfbundle; includeInIndex = 0; path = DemoForInterviewingCrazybabyTests.xctest; sourceTree = BUILT_PRODUCTS_DIR; };
		8103D0CF1E12464900A922B1 /* DemoForInterviewingCrazybabyTests.m */ = {isa = PBXFileReference; lastKnownFileType = sourcecode.c.objc; path = DemoForInterviewingCrazybabyTests.m; sourceTree = "<group>"; };
		8103D0D11E12464900A922B1 /* Info.plist */ = {isa = PBXFileReference; lastKnownFileType = text.plist.xml; path = Info.plist; sourceTree = "<group>"; };
		8103D0D61E12464900A922B1 /* DemoForInterviewingCrazybabyUITests.xctest */ = {isa = PBXFileReference; explicitFileType = wrapper.cfbundle; includeInIndex = 0; path = DemoForInterviewingCrazybabyUITests.xctest; sourceTree = BUILT_PRODUCTS_DIR; };
		8103D0DA1E12464A00A922B1 /* DemoForInterviewingCrazybabyUITests.m */ = {isa = PBXFileReference; lastKnownFileType = sourcecode.c.objc; path = DemoForInterviewingCrazybabyUITests.m; sourceTree = "<group>"; };
		8103D0DC1E12464A00A922B1 /* Info.plist */ = {isa = PBXFileReference; lastKnownFileType = text.plist.xml; path = Info.plist; sourceTree = "<group>"; };
		8103D0E91E1247A600A922B1 /* AFHTTPSessionManager.h */ = {isa = PBXFileReference; fileEncoding = 4; lastKnownFileType = sourcecode.c.h; path = AFHTTPSessionManager.h; sourceTree = "<group>"; };
		8103D0EA1E1247A600A922B1 /* AFHTTPSessionManager.m */ = {isa = PBXFileReference; fileEncoding = 4; lastKnownFileType = sourcecode.c.objc; path = AFHTTPSessionManager.m; sourceTree = "<group>"; };
		8103D0EB1E1247A600A922B1 /* AFNetworking.h */ = {isa = PBXFileReference; fileEncoding = 4; lastKnownFileType = sourcecode.c.h; path = AFNetworking.h; sourceTree = "<group>"; };
		8103D0EC1E1247A600A922B1 /* AFNetworkReachabilityManager.h */ = {isa = PBXFileReference; fileEncoding = 4; lastKnownFileType = sourcecode.c.h; path = AFNetworkReachabilityManager.h; sourceTree = "<group>"; };
		8103D0ED1E1247A600A922B1 /* AFNetworkReachabilityManager.m */ = {isa = PBXFileReference; fileEncoding = 4; lastKnownFileType = sourcecode.c.objc; path = AFNetworkReachabilityManager.m; sourceTree = "<group>"; };
		8103D0EE1E1247A600A922B1 /* AFSecurityPolicy.h */ = {isa = PBXFileReference; fileEncoding = 4; lastKnownFileType = sourcecode.c.h; path = AFSecurityPolicy.h; sourceTree = "<group>"; };
		8103D0EF1E1247A600A922B1 /* AFSecurityPolicy.m */ = {isa = PBXFileReference; fileEncoding = 4; lastKnownFileType = sourcecode.c.objc; path = AFSecurityPolicy.m; sourceTree = "<group>"; };
		8103D0F01E1247A600A922B1 /* AFURLRequestSerialization.h */ = {isa = PBXFileReference; fileEncoding = 4; lastKnownFileType = sourcecode.c.h; path = AFURLRequestSerialization.h; sourceTree = "<group>"; };
		8103D0F11E1247A600A922B1 /* AFURLRequestSerialization.m */ = {isa = PBXFileReference; fileEncoding = 4; lastKnownFileType = sourcecode.c.objc; path = AFURLRequestSerialization.m; sourceTree = "<group>"; };
		8103D0F21E1247A600A922B1 /* AFURLResponseSerialization.h */ = {isa = PBXFileReference; fileEncoding = 4; lastKnownFileType = sourcecode.c.h; path = AFURLResponseSerialization.h; sourceTree = "<group>"; };
		8103D0F31E1247A600A922B1 /* AFURLResponseSerialization.m */ = {isa = PBXFileReference; fileEncoding = 4; lastKnownFileType = sourcecode.c.objc; path = AFURLResponseSerialization.m; sourceTree = "<group>"; };
		8103D0F41E1247A600A922B1 /* AFURLSessionManager.h */ = {isa = PBXFileReference; fileEncoding = 4; lastKnownFileType = sourcecode.c.h; path = AFURLSessionManager.h; sourceTree = "<group>"; };
		8103D0F51E1247A600A922B1 /* AFURLSessionManager.m */ = {isa = PBXFileReference; fileEncoding = 4; lastKnownFileType = sourcecode.c.objc; path = AFURLSessionManager.m; sourceTree = "<group>"; };
		8103D0FD1E126A7800A922B1 /* NetworkManager.h */ = {isa = PBXFileReference; fileEncoding = 4; lastKnownFileType = sourcecode.c.h; path = NetworkManager.h; sourceTree = "<group>"; };
		8103D0FE1E126A7800A922B1 /* NetworkManager.m */ = {isa = PBXFileReference; fileEncoding = 4; lastKnownFileType = sourcecode.c.objc; path = NetworkManager.m; sourceTree = "<group>"; };
		8103D1001E12721800A922B1 /* HSearchViewController.h */ = {isa = PBXFileReference; fileEncoding = 4; lastKnownFileType = sourcecode.c.h; path = HSearchViewController.h; sourceTree = "<group>"; };
		8103D1011E12721800A922B1 /* HSearchViewController.m */ = {isa = PBXFileReference; fileEncoding = 4; lastKnownFileType = sourcecode.c.objc; path = HSearchViewController.m; sourceTree = "<group>"; };
		8103D1031E12734500A922B1 /* RepoModel.h */ = {isa = PBXFileReference; fileEncoding = 4; lastKnownFileType = sourcecode.c.h; path = RepoModel.h; sourceTree = "<group>"; };
		8103D1041E12734500A922B1 /* RepoModel.m */ = {isa = PBXFileReference; fileEncoding = 4; lastKnownFileType = sourcecode.c.objc; path = RepoModel.m; sourceTree = "<group>"; };
		81D80EE21E138CAB001376FF /* HDetailViewController.h */ = {isa = PBXFileReference; fileEncoding = 4; lastKnownFileType = sourcecode.c.h; path = HDetailViewController.h; sourceTree = "<group>"; };
		81D80EE31E138CAB001376FF /* HDetailViewController.m */ = {isa = PBXFileReference; fileEncoding = 4; lastKnownFileType = sourcecode.c.objc; path = HDetailViewController.m; sourceTree = "<group>"; };
		81D80EE51E13C971001376FF /* HWebViewController.h */ = {isa = PBXFileReference; fileEncoding = 4; lastKnownFileType = sourcecode.c.h; path = HWebViewController.h; sourceTree = "<group>"; };
		81D80EE61E13C971001376FF /* HWebViewController.m */ = {isa = PBXFileReference; fileEncoding = 4; lastKnownFileType = sourcecode.c.objc; path = HWebViewController.m; sourceTree = "<group>"; };
		81E17C4E1E14A4D100CEA205 /* MJRefreshAutoFooter.h */ = {isa = PBXFileReference; fileEncoding = 4; lastKnownFileType = sourcecode.c.h; path = MJRefreshAutoFooter.h; sourceTree = "<group>"; };
		81E17C4F1E14A4D100CEA205 /* MJRefreshAutoFooter.m */ = {isa = PBXFileReference; fileEncoding = 4; lastKnownFileType = sourcecode.c.objc; path = MJRefreshAutoFooter.m; sourceTree = "<group>"; };
		81E17C501E14A4D100CEA205 /* MJRefreshBackFooter.h */ = {isa = PBXFileReference; fileEncoding = 4; lastKnownFileType = sourcecode.c.h; path = MJRefreshBackFooter.h; sourceTree = "<group>"; };
		81E17C511E14A4D100CEA205 /* MJRefreshBackFooter.m */ = {isa = PBXFileReference; fileEncoding = 4; lastKnownFileType = sourcecode.c.objc; path = MJRefreshBackFooter.m; sourceTree = "<group>"; };
		81E17C521E14A4D100CEA205 /* MJRefreshComponent.h */ = {isa = PBXFileReference; fileEncoding = 4; lastKnownFileType = sourcecode.c.h; path = MJRefreshComponent.h; sourceTree = "<group>"; };
		81E17C531E14A4D100CEA205 /* MJRefreshComponent.m */ = {isa = PBXFileReference; fileEncoding = 4; lastKnownFileType = sourcecode.c.objc; path = MJRefreshComponent.m; sourceTree = "<group>"; };
		81E17C541E14A4D100CEA205 /* MJRefreshFooter.h */ = {isa = PBXFileReference; fileEncoding = 4; lastKnownFileType = sourcecode.c.h; path = MJRefreshFooter.h; sourceTree = "<group>"; };
		81E17C551E14A4D100CEA205 /* MJRefreshFooter.m */ = {isa = PBXFileReference; fileEncoding = 4; lastKnownFileType = sourcecode.c.objc; path = MJRefreshFooter.m; sourceTree = "<group>"; };
		81E17C561E14A4D100CEA205 /* MJRefreshHeader.h */ = {isa = PBXFileReference; fileEncoding = 4; lastKnownFileType = sourcecode.c.h; path = MJRefreshHeader.h; sourceTree = "<group>"; };
		81E17C571E14A4D100CEA205 /* MJRefreshHeader.m */ = {isa = PBXFileReference; fileEncoding = 4; lastKnownFileType = sourcecode.c.objc; path = MJRefreshHeader.m; sourceTree = "<group>"; };
		81E17C5B1E14A4D100CEA205 /* MJRefreshAutoGifFooter.h */ = {isa = PBXFileReference; fileEncoding = 4; lastKnownFileType = sourcecode.c.h; path = MJRefreshAutoGifFooter.h; sourceTree = "<group>"; };
		81E17C5C1E14A4D100CEA205 /* MJRefreshAutoGifFooter.m */ = {isa = PBXFileReference; fileEncoding = 4; lastKnownFileType = sourcecode.c.objc; path = MJRefreshAutoGifFooter.m; sourceTree = "<group>"; };
		81E17C5D1E14A4D100CEA205 /* MJRefreshAutoNormalFooter.h */ = {isa = PBXFileReference; fileEncoding = 4; lastKnownFileType = sourcecode.c.h; path = MJRefreshAutoNormalFooter.h; sourceTree = "<group>"; };
		81E17C5E1E14A4D100CEA205 /* MJRefreshAutoNormalFooter.m */ = {isa = PBXFileReference; fileEncoding = 4; lastKnownFileType = sourcecode.c.objc; path = MJRefreshAutoNormalFooter.m; sourceTree = "<group>"; };
		81E17C5F1E14A4D100CEA205 /* MJRefreshAutoStateFooter.h */ = {isa = PBXFileReference; fileEncoding = 4; lastKnownFileType = sourcecode.c.h; path = MJRefreshAutoStateFooter.h; sourceTree = "<group>"; };
		81E17C601E14A4D100CEA205 /* MJRefreshAutoStateFooter.m */ = {isa = PBXFileReference; fileEncoding = 4; lastKnownFileType = sourcecode.c.objc; path = MJRefreshAutoStateFooter.m; sourceTree = "<group>"; };
		81E17C621E14A4D100CEA205 /* MJRefreshBackGifFooter.h */ = {isa = PBXFileReference; fileEncoding = 4; lastKnownFileType = sourcecode.c.h; path = MJRefreshBackGifFooter.h; sourceTree = "<group>"; };
		81E17C631E14A4D100CEA205 /* MJRefreshBackGifFooter.m */ = {isa = PBXFileReference; fileEncoding = 4; lastKnownFileType = sourcecode.c.objc; path = MJRefreshBackGifFooter.m; sourceTree = "<group>"; };
		81E17C641E14A4D100CEA205 /* MJRefreshBackNormalFooter.h */ = {isa = PBXFileReference; fileEncoding = 4; lastKnownFileType = sourcecode.c.h; path = MJRefreshBackNormalFooter.h; sourceTree = "<group>"; };
		81E17C651E14A4D100CEA205 /* MJRefreshBackNormalFooter.m */ = {isa = PBXFileReference; fileEncoding = 4; lastKnownFileType = sourcecode.c.objc; path = MJRefreshBackNormalFooter.m; sourceTree = "<group>"; };
		81E17C661E14A4D100CEA205 /* MJRefreshBackStateFooter.h */ = {isa = PBXFileReference; fileEncoding = 4; lastKnownFileType = sourcecode.c.h; path = MJRefreshBackStateFooter.h; sourceTree = "<group>"; };
		81E17C671E14A4D100CEA205 /* MJRefreshBackStateFooter.m */ = {isa = PBXFileReference; fileEncoding = 4; lastKnownFileType = sourcecode.c.objc; path = MJRefreshBackStateFooter.m; sourceTree = "<group>"; };
		81E17C691E14A4D100CEA205 /* MJRefreshGifHeader.h */ = {isa = PBXFileReference; fileEncoding = 4; lastKnownFileType = sourcecode.c.h; path = MJRefreshGifHeader.h; sourceTree = "<group>"; };
		81E17C6A1E14A4D100CEA205 /* MJRefreshGifHeader.m */ = {isa = PBXFileReference; fileEncoding = 4; lastKnownFileType = sourcecode.c.objc; path = MJRefreshGifHeader.m; sourceTree = "<group>"; };
		81E17C6B1E14A4D100CEA205 /* MJRefreshNormalHeader.h */ = {isa = PBXFileReference; fileEncoding = 4; lastKnownFileType = sourcecode.c.h; path = MJRefreshNormalHeader.h; sourceTree = "<group>"; };
		81E17C6C1E14A4D100CEA205 /* MJRefreshNormalHeader.m */ = {isa = PBXFileReference; fileEncoding = 4; lastKnownFileType = sourcecode.c.objc; path = MJRefreshNormalHeader.m; sourceTree = "<group>"; };
		81E17C6D1E14A4D100CEA205 /* MJRefreshStateHeader.h */ = {isa = PBXFileReference; fileEncoding = 4; lastKnownFileType = sourcecode.c.h; path = MJRefreshStateHeader.h; sourceTree = "<group>"; };
		81E17C6E1E14A4D100CEA205 /* MJRefreshStateHeader.m */ = {isa = PBXFileReference; fileEncoding = 4; lastKnownFileType = sourcecode.c.objc; path = MJRefreshStateHeader.m; sourceTree = "<group>"; };
		81E17C6F1E14A4D100CEA205 /* MJRefresh.bundle */ = {isa = PBXFileReference; lastKnownFileType = "wrapper.plug-in"; path = MJRefresh.bundle; sourceTree = "<group>"; };
		81E17C701E14A4D100CEA205 /* MJRefresh.h */ = {isa = PBXFileReference; fileEncoding = 4; lastKnownFileType = sourcecode.c.h; path = MJRefresh.h; sourceTree = "<group>"; };
		81E17C711E14A4D100CEA205 /* MJRefreshConst.h */ = {isa = PBXFileReference; fileEncoding = 4; lastKnownFileType = sourcecode.c.h; path = MJRefreshConst.h; sourceTree = "<group>"; };
		81E17C721E14A4D100CEA205 /* MJRefreshConst.m */ = {isa = PBXFileReference; fileEncoding = 4; lastKnownFileType = sourcecode.c.objc; path = MJRefreshConst.m; sourceTree = "<group>"; };
		81E17C731E14A4D100CEA205 /* NSBundle+MJRefresh.h */ = {isa = PBXFileReference; fileEncoding = 4; lastKnownFileType = sourcecode.c.h; path = "NSBundle+MJRefresh.h"; sourceTree = "<group>"; };
		81E17C741E14A4D100CEA205 /* NSBundle+MJRefresh.m */ = {isa = PBXFileReference; fileEncoding = 4; lastKnownFileType = sourcecode.c.objc; path = "NSBundle+MJRefresh.m"; sourceTree = "<group>"; };
		81E17C751E14A4D100CEA205 /* UIScrollView+MJExtension.h */ = {isa = PBXFileReference; fileEncoding = 4; lastKnownFileType = sourcecode.c.h; path = "UIScrollView+MJExtension.h"; sourceTree = "<group>"; };
		81E17C761E14A4D100CEA205 /* UIScrollView+MJExtension.m */ = {isa = PBXFileReference; fileEncoding = 4; lastKnownFileType = sourcecode.c.objc; path = "UIScrollView+MJExtension.m"; sourceTree = "<group>"; };
		81E17C771E14A4D100CEA205 /* UIScrollView+MJRefresh.h */ = {isa = PBXFileReference; fileEncoding = 4; lastKnownFileType = sourcecode.c.h; path = "UIScrollView+MJRefresh.h"; sourceTree = "<group>"; };
		81E17C781E14A4D200CEA205 /* UIScrollView+MJRefresh.m */ = {isa = PBXFileReference; fileEncoding = 4; lastKnownFileType = sourcecode.c.objc; path = "UIScrollView+MJRefresh.m"; sourceTree = "<group>"; };
		81E17C791E14A4D200CEA205 /* UIView+MJExtension.h */ = {isa = PBXFileReference; fileEncoding = 4; lastKnownFileType = sourcecode.c.h; path = "UIView+MJExtension.h"; sourceTree = "<group>"; };
		81E17C7A1E14A4D200CEA205 /* UIView+MJExtension.m */ = {isa = PBXFileReference; fileEncoding = 4; lastKnownFileType = sourcecode.c.objc; path = "UIView+MJExtension.m"; sourceTree = "<group>"; };
/* End PBXFileReference section */

/* Begin PBXFrameworksBuildPhase section */
		8103D0AF1E12464900A922B1 /* Frameworks */ = {
			isa = PBXFrameworksBuildPhase;
			buildActionMask = 2147483647;
			files = (
			);
			runOnlyForDeploymentPostprocessing = 0;
		};
		8103D0C81E12464900A922B1 /* Frameworks */ = {
			isa = PBXFrameworksBuildPhase;
			buildActionMask = 2147483647;
			files = (
			);
			runOnlyForDeploymentPostprocessing = 0;
		};
		8103D0D31E12464900A922B1 /* Frameworks */ = {
			isa = PBXFrameworksBuildPhase;
			buildActionMask = 2147483647;
			files = (
			);
			runOnlyForDeploymentPostprocessing = 0;
		};
/* End PBXFrameworksBuildPhase section */

/* Begin PBXGroup section */
		8103D0A91E12464900A922B1 = {
			isa = PBXGroup;
			children = (
				8103D0B41E12464900A922B1 /* DemoForInterviewingCrazybaby */,
				8103D0CE1E12464900A922B1 /* DemoForInterviewingCrazybabyTests */,
				8103D0D91E12464900A922B1 /* DemoForInterviewingCrazybabyUITests */,
				8103D0B31E12464900A922B1 /* Products */,
			);
			sourceTree = "<group>";
		};
		8103D0B31E12464900A922B1 /* Products */ = {
			isa = PBXGroup;
			children = (
				8103D0B21E12464900A922B1 /* DemoForInterviewingCrazybaby.app */,
				8103D0CB1E12464900A922B1 /* DemoForInterviewingCrazybabyTests.xctest */,
				8103D0D61E12464900A922B1 /* DemoForInterviewingCrazybabyUITests.xctest */,
			);
			name = Products;
			sourceTree = "<group>";
		};
		8103D0B41E12464900A922B1 /* DemoForInterviewingCrazybaby */ = {
			isa = PBXGroup;
			children = (
				8103D0B81E12464900A922B1 /* AppDelegate.h */,
				8103D0B91E12464900A922B1 /* AppDelegate.m */,
				8103D0BB1E12464900A922B1 /* ViewController.h */,
				8103D0BC1E12464900A922B1 /* ViewController.m */,
				8103D1001E12721800A922B1 /* HSearchViewController.h */,
				8103D1011E12721800A922B1 /* HSearchViewController.m */,
				81D80EE21E138CAB001376FF /* HDetailViewController.h */,
				81D80EE31E138CAB001376FF /* HDetailViewController.m */,
				81D80EE51E13C971001376FF /* HWebViewController.h */,
				81D80EE61E13C971001376FF /* HWebViewController.m */,
				8103D0FD1E126A7800A922B1 /* NetworkManager.h */,
				8103D0FE1E126A7800A922B1 /* NetworkManager.m */,
				8103D1031E12734500A922B1 /* RepoModel.h */,
				8103D1041E12734500A922B1 /* RepoModel.m */,
				8103D0E81E1247A600A922B1 /* AFNetworking */,
				81E17C4C1E14A4D100CEA205 /* MJRefresh */,
				8103D0BE1E12464900A922B1 /* Main.storyboard */,
				8103D0C11E12464900A922B1 /* Assets.xcassets */,
				8103D0C31E12464900A922B1 /* LaunchScreen.storyboard */,
				8103D0C61E12464900A922B1 /* Info.plist */,
				8103D0B51E12464900A922B1 /* Supporting Files */,
			);
			path = DemoForInterviewingCrazybaby;
			sourceTree = "<group>";
		};
		8103D0B51E12464900A922B1 /* Supporting Files */ = {
			isa = PBXGroup;
			children = (
				8103D0B61E12464900A922B1 /* main.m */,
			);
			name = "Supporting Files";
			sourceTree = "<group>";
		};
		8103D0CE1E12464900A922B1 /* DemoForInterviewingCrazybabyTests */ = {
			isa = PBXGroup;
			children = (
				8103D0CF1E12464900A922B1 /* DemoForInterviewingCrazybabyTests.m */,
				8103D0D11E12464900A922B1 /* Info.plist */,
			);
			path = DemoForInterviewingCrazybabyTests;
			sourceTree = "<group>";
		};
		8103D0D91E12464900A922B1 /* DemoForInterviewingCrazybabyUITests */ = {
			isa = PBXGroup;
			children = (
				8103D0DA1E12464A00A922B1 /* DemoForInterviewingCrazybabyUITests.m */,
				8103D0DC1E12464A00A922B1 /* Info.plist */,
			);
			path = DemoForInterviewingCrazybabyUITests;
			sourceTree = "<group>";
		};
		8103D0E81E1247A600A922B1 /* AFNetworking */ = {
			isa = PBXGroup;
			children = (
				8103D0E91E1247A600A922B1 /* AFHTTPSessionManager.h */,
				8103D0EA1E1247A600A922B1 /* AFHTTPSessionManager.m */,
				8103D0EB1E1247A600A922B1 /* AFNetworking.h */,
				8103D0EC1E1247A600A922B1 /* AFNetworkReachabilityManager.h */,
				8103D0ED1E1247A600A922B1 /* AFNetworkReachabilityManager.m */,
				8103D0EE1E1247A600A922B1 /* AFSecurityPolicy.h */,
				8103D0EF1E1247A600A922B1 /* AFSecurityPolicy.m */,
				8103D0F01E1247A600A922B1 /* AFURLRequestSerialization.h */,
				8103D0F11E1247A600A922B1 /* AFURLRequestSerialization.m */,
				8103D0F21E1247A600A922B1 /* AFURLResponseSerialization.h */,
				8103D0F31E1247A600A922B1 /* AFURLResponseSerialization.m */,
				8103D0F41E1247A600A922B1 /* AFURLSessionManager.h */,
				8103D0F51E1247A600A922B1 /* AFURLSessionManager.m */,
			);
			path = AFNetworking;
			sourceTree = "<group>";
		};
		81E17C4C1E14A4D100CEA205 /* MJRefresh */ = {
			isa = PBXGroup;
			children = (
				81E17C4D1E14A4D100CEA205 /* Base */,
				81E17C581E14A4D100CEA205 /* Custom */,
				81E17C6F1E14A4D100CEA205 /* MJRefresh.bundle */,
				81E17C701E14A4D100CEA205 /* MJRefresh.h */,
				81E17C711E14A4D100CEA205 /* MJRefreshConst.h */,
				81E17C721E14A4D100CEA205 /* MJRefreshConst.m */,
				81E17C731E14A4D100CEA205 /* NSBundle+MJRefresh.h */,
				81E17C741E14A4D100CEA205 /* NSBundle+MJRefresh.m */,
				81E17C751E14A4D100CEA205 /* UIScrollView+MJExtension.h */,
				81E17C761E14A4D100CEA205 /* UIScrollView+MJExtension.m */,
				81E17C771E14A4D100CEA205 /* UIScrollView+MJRefresh.h */,
				81E17C781E14A4D200CEA205 /* UIScrollView+MJRefresh.m */,
				81E17C791E14A4D200CEA205 /* UIView+MJExtension.h */,
				81E17C7A1E14A4D200CEA205 /* UIView+MJExtension.m */,
			);
			path = MJRefresh;
			sourceTree = "<group>";
		};
		81E17C4D1E14A4D100CEA205 /* Base */ = {
			isa = PBXGroup;
			children = (
				81E17C4E1E14A4D100CEA205 /* MJRefreshAutoFooter.h */,
				81E17C4F1E14A4D100CEA205 /* MJRefreshAutoFooter.m */,
				81E17C501E14A4D100CEA205 /* MJRefreshBackFooter.h */,
				81E17C511E14A4D100CEA205 /* MJRefreshBackFooter.m */,
				81E17C521E14A4D100CEA205 /* MJRefreshComponent.h */,
				81E17C531E14A4D100CEA205 /* MJRefreshComponent.m */,
				81E17C541E14A4D100CEA205 /* MJRefreshFooter.h */,
				81E17C551E14A4D100CEA205 /* MJRefreshFooter.m */,
				81E17C561E14A4D100CEA205 /* MJRefreshHeader.h */,
				81E17C571E14A4D100CEA205 /* MJRefreshHeader.m */,
			);
			path = Base;
			sourceTree = "<group>";
		};
		81E17C581E14A4D100CEA205 /* Custom */ = {
			isa = PBXGroup;
			children = (
				81E17C591E14A4D100CEA205 /* Footer */,
				81E17C681E14A4D100CEA205 /* Header */,
			);
			path = Custom;
			sourceTree = "<group>";
		};
		81E17C591E14A4D100CEA205 /* Footer */ = {
			isa = PBXGroup;
			children = (
				81E17C5A1E14A4D100CEA205 /* Auto */,
				81E17C611E14A4D100CEA205 /* Back */,
			);
			path = Footer;
			sourceTree = "<group>";
		};
		81E17C5A1E14A4D100CEA205 /* Auto */ = {
			isa = PBXGroup;
			children = (
				81E17C5B1E14A4D100CEA205 /* MJRefreshAutoGifFooter.h */,
				81E17C5C1E14A4D100CEA205 /* MJRefreshAutoGifFooter.m */,
				81E17C5D1E14A4D100CEA205 /* MJRefreshAutoNormalFooter.h */,
				81E17C5E1E14A4D100CEA205 /* MJRefreshAutoNormalFooter.m */,
				81E17C5F1E14A4D100CEA205 /* MJRefreshAutoStateFooter.h */,
				81E17C601E14A4D100CEA205 /* MJRefreshAutoStateFooter.m */,
			);
			path = Auto;
			sourceTree = "<group>";
		};
		81E17C611E14A4D100CEA205 /* Back */ = {
			isa = PBXGroup;
			children = (
				81E17C621E14A4D100CEA205 /* MJRefreshBackGifFooter.h */,
				81E17C631E14A4D100CEA205 /* MJRefreshBackGifFooter.m */,
				81E17C641E14A4D100CEA205 /* MJRefreshBackNormalFooter.h */,
				81E17C651E14A4D100CEA205 /* MJRefreshBackNormalFooter.m */,
				81E17C661E14A4D100CEA205 /* MJRefreshBackStateFooter.h */,
				81E17C671E14A4D100CEA205 /* MJRefreshBackStateFooter.m */,
			);
			path = Back;
			sourceTree = "<group>";
		};
		81E17C681E14A4D100CEA205 /* Header */ = {
			isa = PBXGroup;
			children = (
				81E17C691E14A4D100CEA205 /* MJRefreshGifHeader.h */,
				81E17C6A1E14A4D100CEA205 /* MJRefreshGifHeader.m */,
				81E17C6B1E14A4D100CEA205 /* MJRefreshNormalHeader.h */,
				81E17C6C1E14A4D100CEA205 /* MJRefreshNormalHeader.m */,
				81E17C6D1E14A4D100CEA205 /* MJRefreshStateHeader.h */,
				81E17C6E1E14A4D100CEA205 /* MJRefreshStateHeader.m */,
			);
			path = Header;
			sourceTree = "<group>";
		};
/* End PBXGroup section */

/* Begin PBXNativeTarget section */
		8103D0B11E12464900A922B1 /* DemoForInterviewingCrazybaby */ = {
			isa = PBXNativeTarget;
			buildConfigurationList = 8103D0DF1E12464A00A922B1 /* Build configuration list for PBXNativeTarget "DemoForInterviewingCrazybaby" */;
			buildPhases = (
				8103D0AE1E12464900A922B1 /* Sources */,
				8103D0AF1E12464900A922B1 /* Frameworks */,
				8103D0B01E12464900A922B1 /* Resources */,
			);
			buildRules = (
			);
			dependencies = (
			);
			name = DemoForInterviewingCrazybaby;
			productName = DemoForInterviewingCrazybaby;
			productReference = 8103D0B21E12464900A922B1 /* DemoForInterviewingCrazybaby.app */;
			productType = "com.apple.product-type.application";
		};
		8103D0CA1E12464900A922B1 /* DemoForInterviewingCrazybabyTests */ = {
			isa = PBXNativeTarget;
			buildConfigurationList = 8103D0E21E12464A00A922B1 /* Build configuration list for PBXNativeTarget "DemoForInterviewingCrazybabyTests" */;
			buildPhases = (
				8103D0C71E12464900A922B1 /* Sources */,
				8103D0C81E12464900A922B1 /* Frameworks */,
				8103D0C91E12464900A922B1 /* Resources */,
			);
			buildRules = (
			);
			dependencies = (
				8103D0CD1E12464900A922B1 /* PBXTargetDependency */,
			);
			name = DemoForInterviewingCrazybabyTests;
			productName = DemoForInterviewingCrazybabyTests;
			productReference = 8103D0CB1E12464900A922B1 /* DemoForInterviewingCrazybabyTests.xctest */;
			productType = "com.apple.product-type.bundle.unit-test";
		};
		8103D0D51E12464900A922B1 /* DemoForInterviewingCrazybabyUITests */ = {
			isa = PBXNativeTarget;
			buildConfigurationList = 8103D0E51E12464A00A922B1 /* Build configuration list for PBXNativeTarget "DemoForInterviewingCrazybabyUITests" */;
			buildPhases = (
				8103D0D21E12464900A922B1 /* Sources */,
				8103D0D31E12464900A922B1 /* Frameworks */,
				8103D0D41E12464900A922B1 /* Resources */,
			);
			buildRules = (
			);
			dependencies = (
				8103D0D81E12464900A922B1 /* PBXTargetDependency */,
			);
			name = DemoForInterviewingCrazybabyUITests;
			productName = DemoForInterviewingCrazybabyUITests;
			productReference = 8103D0D61E12464900A922B1 /* DemoForInterviewingCrazybabyUITests.xctest */;
			productType = "com.apple.product-type.bundle.ui-testing";
		};
/* End PBXNativeTarget section */

/* Begin PBXProject section */
		8103D0AA1E12464900A922B1 /* Project object */ = {
			isa = PBXProject;
			attributes = {
				LastUpgradeCheck = 0810;
				ORGANIZATIONNAME = "韩";
				TargetAttributes = {
					8103D0B11E12464900A922B1 = {
						CreatedOnToolsVersion = 8.1;
						ProvisioningStyle = Automatic;
					};
					8103D0CA1E12464900A922B1 = {
						CreatedOnToolsVersion = 8.1;
						ProvisioningStyle = Automatic;
						TestTargetID = 8103D0B11E12464900A922B1;
					};
					8103D0D51E12464900A922B1 = {
						CreatedOnToolsVersion = 8.1;
						ProvisioningStyle = Automatic;
						TestTargetID = 8103D0B11E12464900A922B1;
					};
				};
			};
			buildConfigurationList = 8103D0AD1E12464900A922B1 /* Build configuration list for PBXProject "DemoForInterviewingCrazybaby" */;
			compatibilityVersion = "Xcode 3.2";
			developmentRegion = English;
			hasScannedForEncodings = 0;
			knownRegions = (
				en,
				Base,
			);
			mainGroup = 8103D0A91E12464900A922B1;
			productRefGroup = 8103D0B31E12464900A922B1 /* Products */;
			projectDirPath = "";
			projectRoot = "";
			targets = (
				8103D0B11E12464900A922B1 /* DemoForInterviewingCrazybaby */,
				8103D0CA1E12464900A922B1 /* DemoForInterviewingCrazybabyTests */,
				8103D0D51E12464900A922B1 /* DemoForInterviewingCrazybabyUITests */,
			);
		};
/* End PBXProject section */

/* Begin PBXResourcesBuildPhase section */
		8103D0B01E12464900A922B1 /* Resources */ = {
			isa = PBXResourcesBuildPhase;
			buildActionMask = 2147483647;
			files = (
				8103D0C51E12464900A922B1 /* LaunchScreen.storyboard in Resources */,
				8103D0C21E12464900A922B1 /* Assets.xcassets in Resources */,
				81E17C891E14A4D200CEA205 /* MJRefresh.bundle in Resources */,
				8103D0C01E12464900A922B1 /* Main.storyboard in Resources */,
			);
			runOnlyForDeploymentPostprocessing = 0;
		};
		8103D0C91E12464900A922B1 /* Resources */ = {
			isa = PBXResourcesBuildPhase;
			buildActionMask = 2147483647;
			files = (
			);
			runOnlyForDeploymentPostprocessing = 0;
		};
		8103D0D41E12464900A922B1 /* Resources */ = {
			isa = PBXResourcesBuildPhase;
			buildActionMask = 2147483647;
			files = (
			);
			runOnlyForDeploymentPostprocessing = 0;
		};
/* End PBXResourcesBuildPhase section */

/* Begin PBXSourcesBuildPhase section */
		8103D0AE1E12464900A922B1 /* Sources */ = {
			isa = PBXSourcesBuildPhase;
			buildActionMask = 2147483647;
			files = (
				81E17C871E14A4D200CEA205 /* MJRefreshNormalHeader.m in Sources */,
				81E17C7D1E14A4D200CEA205 /* MJRefreshComponent.m in Sources */,
				81D80EE71E13C971001376FF /* HWebViewController.m in Sources */,
				8103D0FB1E1247A600A922B1 /* AFURLSessionManager.m in Sources */,
				8103D1051E12734500A922B1 /* RepoModel.m in Sources */,
				8103D0BD1E12464900A922B1 /* ViewController.m in Sources */,
				81E17C811E14A4D200CEA205 /* MJRefreshAutoNormalFooter.m in Sources */,
				81E17C7E1E14A4D200CEA205 /* MJRefreshFooter.m in Sources */,
				8103D0BA1E12464900A922B1 /* AppDelegate.m in Sources */,
				81E17C881E14A4D200CEA205 /* MJRefreshStateHeader.m in Sources */,
				81E17C801E14A4D200CEA205 /* MJRefreshAutoGifFooter.m in Sources */,
				81D80EE41E138CAB001376FF /* HDetailViewController.m in Sources */,
				81E17C8D1E14A4D200CEA205 /* UIScrollView+MJRefresh.m in Sources */,
				81E17C7C1E14A4D200CEA205 /* MJRefreshBackFooter.m in Sources */,
				81E17C8B1E14A4D200CEA205 /* NSBundle+MJRefresh.m in Sources */,
				81E17C851E14A4D200CEA205 /* MJRefreshBackStateFooter.m in Sources */,
				81E17C861E14A4D200CEA205 /* MJRefreshGifHeader.m in Sources */,
				8103D0F71E1247A600A922B1 /* AFNetworkReachabilityManager.m in Sources */,
				8103D1021E12721800A922B1 /* HSearchViewController.m in Sources */,
				8103D0B71E12464900A922B1 /* main.m in Sources */,
				8103D0F81E1247A600A922B1 /* AFSecurityPolicy.m in Sources */,
				81E17C7B1E14A4D200CEA205 /* MJRefreshAutoFooter.m in Sources */,
				81E17C8A1E14A4D200CEA205 /* MJRefreshConst.m in Sources */,
				81E17C831E14A4D200CEA205 /* MJRefreshBackGifFooter.m in Sources */,
				8103D0F91E1247A600A922B1 /* AFURLRequestSerialization.m in Sources */,
				81E17C7F1E14A4D200CEA205 /* MJRefreshHeader.m in Sources */,
				81E17C821E14A4D200CEA205 /* MJRefreshAutoStateFooter.m in Sources */,
				8103D0FA1E1247A600A922B1 /* AFURLResponseSerialization.m in Sources */,
				81E17C841E14A4D200CEA205 /* MJRefreshBackNormalFooter.m in Sources */,
				8103D0FF1E126A7800A922B1 /* NetworkManager.m in Sources */,
				81E17C8C1E14A4D200CEA205 /* UIScrollView+MJExtension.m in Sources */,
				81E17C8E1E14A4D200CEA205 /* UIView+MJExtension.m in Sources */,
				8103D0F61E1247A600A922B1 /* AFHTTPSessionManager.m in Sources */,
			);
			runOnlyForDeploymentPostprocessing = 0;
		};
		8103D0C71E12464900A922B1 /* Sources */ = {
			isa = PBXSourcesBuildPhase;
			buildActionMask = 2147483647;
			files = (
				8103D0D01E12464900A922B1 /* DemoForInterviewingCrazybabyTests.m in Sources */,
			);
			runOnlyForDeploymentPostprocessing = 0;
		};
		8103D0D21E12464900A922B1 /* Sources */ = {
			isa = PBXSourcesBuildPhase;
			buildActionMask = 2147483647;
			files = (
				8103D0DB1E12464A00A922B1 /* DemoForInterviewingCrazybabyUITests.m in Sources */,
			);
			runOnlyForDeploymentPostprocessing = 0;
		};
/* End PBXSourcesBuildPhase section */

/* Begin PBXTargetDependency section */
		8103D0CD1E12464900A922B1 /* PBXTargetDependency */ = {
			isa = PBXTargetDependency;
			target = 8103D0B11E12464900A922B1 /* DemoForInterviewingCrazybaby */;
			targetProxy = 8103D0CC1E12464900A922B1 /* PBXContainerItemProxy */;
		};
		8103D0D81E12464900A922B1 /* PBXTargetDependency */ = {
			isa = PBXTargetDependency;
			target = 8103D0B11E12464900A922B1 /* DemoForInterviewingCrazybaby */;
			targetProxy = 8103D0D71E12464900A922B1 /* PBXContainerItemProxy */;
		};
/* End PBXTargetDependency section */

/* Begin PBXVariantGroup section */
		8103D0BE1E12464900A922B1 /* Main.storyboard */ = {
			isa = PBXVariantGroup;
			children = (
				8103D0BF1E12464900A922B1 /* Base */,
			);
			name = Main.storyboard;
			sourceTree = "<group>";
		};
		8103D0C31E12464900A922B1 /* LaunchScreen.storyboard */ = {
			isa = PBXVariantGroup;
			children = (
				8103D0C41E12464900A922B1 /* Base */,
			);
			name = LaunchScreen.storyboard;
			sourceTree = "<group>";
		};
/* End PBXVariantGroup section */

/* Begin XCBuildConfiguration section */
		8103D0DD1E12464A00A922B1 /* Debug */ = {
			isa = XCBuildConfiguration;
			buildSettings = {
				ALWAYS_SEARCH_USER_PATHS = NO;
				CLANG_ANALYZER_NONNULL = YES;
				CLANG_CXX_LANGUAGE_STANDARD = "gnu++0x";
				CLANG_CXX_LIBRARY = "libc++";
				CLANG_ENABLE_MODULES = YES;
				CLANG_ENABLE_OBJC_ARC = YES;
				CLANG_WARN_BOOL_CONVERSION = YES;
				CLANG_WARN_CONSTANT_CONVERSION = YES;
				CLANG_WARN_DIRECT_OBJC_ISA_USAGE = YES_ERROR;
				CLANG_WARN_DOCUMENTATION_COMMENTS = YES;
				CLANG_WARN_EMPTY_BODY = YES;
				CLANG_WARN_ENUM_CONVERSION = YES;
				CLANG_WARN_INFINITE_RECURSION = YES;
				CLANG_WARN_INT_CONVERSION = YES;
				CLANG_WARN_OBJC_ROOT_CLASS = YES_ERROR;
				CLANG_WARN_SUSPICIOUS_MOVES = YES;
				CLANG_WARN_UNREACHABLE_CODE = YES;
				CLANG_WARN__DUPLICATE_METHOD_MATCH = YES;
				"CODE_SIGN_IDENTITY[sdk=iphoneos*]" = "iPhone Developer";
				COPY_PHASE_STRIP = NO;
				DEBUG_INFORMATION_FORMAT = dwarf;
				ENABLE_STRICT_OBJC_MSGSEND = YES;
				ENABLE_TESTABILITY = YES;
				GCC_C_LANGUAGE_STANDARD = gnu99;
				GCC_DYNAMIC_NO_PIC = NO;
				GCC_NO_COMMON_BLOCKS = YES;
				GCC_OPTIMIZATION_LEVEL = 0;
				GCC_PREPROCESSOR_DEFINITIONS = (
					"DEBUG=1",
					"$(inherited)",
				);
				GCC_WARN_64_TO_32_BIT_CONVERSION = YES;
				GCC_WARN_ABOUT_RETURN_TYPE = YES_ERROR;
				GCC_WARN_UNDECLARED_SELECTOR = YES;
				GCC_WARN_UNINITIALIZED_AUTOS = YES_AGGRESSIVE;
				GCC_WARN_UNUSED_FUNCTION = YES;
				GCC_WARN_UNUSED_VARIABLE = YES;
				IPHONEOS_DEPLOYMENT_TARGET = 10.1;
				MTL_ENABLE_DEBUG_INFO = YES;
				ONLY_ACTIVE_ARCH = YES;
				SDKROOT = iphoneos;
				TARGETED_DEVICE_FAMILY = "1,2";
			};
			name = Debug;
		};
		8103D0DE1E12464A00A922B1 /* Release */ = {
			isa = XCBuildConfiguration;
			buildSettings = {
				ALWAYS_SEARCH_USER_PATHS = NO;
				CLANG_ANALYZER_NONNULL = YES;
				CLANG_CXX_LANGUAGE_STANDARD = "gnu++0x";
				CLANG_CXX_LIBRARY = "libc++";
				CLANG_ENABLE_MODULES = YES;
				CLANG_ENABLE_OBJC_ARC = YES;
				CLANG_WARN_BOOL_CONVERSION = YES;
				CLANG_WARN_CONSTANT_CONVERSION = YES;
				CLANG_WARN_DIRECT_OBJC_ISA_USAGE = YES_ERROR;
				CLANG_WARN_DOCUMENTATION_COMMENTS = YES;
				CLANG_WARN_EMPTY_BODY = YES;
				CLANG_WARN_ENUM_CONVERSION = YES;
				CLANG_WARN_INFINITE_RECURSION = YES;
				CLANG_WARN_INT_CONVERSION = YES;
				CLANG_WARN_OBJC_ROOT_CLASS = YES_ERROR;
				CLANG_WARN_SUSPICIOUS_MOVES = YES;
				CLANG_WARN_UNREACHABLE_CODE = YES;
				CLANG_WARN__DUPLICATE_METHOD_MATCH = YES;
				"CODE_SIGN_IDENTITY[sdk=iphoneos*]" = "iPhone Developer";
				COPY_PHASE_STRIP = NO;
				DEBUG_INFORMATION_FORMAT = "dwarf-with-dsym";
				ENABLE_NS_ASSERTIONS = NO;
				ENABLE_STRICT_OBJC_MSGSEND = YES;
				GCC_C_LANGUAGE_STANDARD = gnu99;
				GCC_NO_COMMON_BLOCKS = YES;
				GCC_WARN_64_TO_32_BIT_CONVERSION = YES;
				GCC_WARN_ABOUT_RETURN_TYPE = YES_ERROR;
				GCC_WARN_UNDECLARED_SELECTOR = YES;
				GCC_WARN_UNINITIALIZED_AUTOS = YES_AGGRESSIVE;
				GCC_WARN_UNUSED_FUNCTION = YES;
				GCC_WARN_UNUSED_VARIABLE = YES;
				IPHONEOS_DEPLOYMENT_TARGET = 10.1;
				MTL_ENABLE_DEBUG_INFO = NO;
				SDKROOT = iphoneos;
				TARGETED_DEVICE_FAMILY = "1,2";
				VALIDATE_PRODUCT = YES;
			};
			name = Release;
		};
		8103D0E01E12464A00A922B1 /* Debug */ = {
			isa = XCBuildConfiguration;
			buildSettings = {
				ASSETCATALOG_COMPILER_APPICON_NAME = AppIcon;
				INFOPLIST_FILE = DemoForInterviewingCrazybaby/Info.plist;
				LD_RUNPATH_SEARCH_PATHS = "$(inherited) @executable_path/Frameworks";
				PRODUCT_BUNDLE_IDENTIFIER = han.DemoForInterviewingCrazybaby;
				PRODUCT_NAME = "$(TARGET_NAME)";
			};
			name = Debug;
		};
		8103D0E11E12464A00A922B1 /* Release */ = {
			isa = XCBuildConfiguration;
			buildSettings = {
				ASSETCATALOG_COMPILER_APPICON_NAME = AppIcon;
				INFOPLIST_FILE = DemoForInterviewingCrazybaby/Info.plist;
				LD_RUNPATH_SEARCH_PATHS = "$(inherited) @executable_path/Frameworks";
				PRODUCT_BUNDLE_IDENTIFIER = han.DemoForInterviewingCrazybaby;
				PRODUCT_NAME = "$(TARGET_NAME)";
			};
			name = Release;
		};
		8103D0E31E12464A00A922B1 /* Debug */ = {
			isa = XCBuildConfiguration;
			buildSettings = {
				BUNDLE_LOADER = "$(TEST_HOST)";
				INFOPLIST_FILE = DemoForInterviewingCrazybabyTests/Info.plist;
				LD_RUNPATH_SEARCH_PATHS = "$(inherited) @executable_path/Frameworks @loader_path/Frameworks";
				PRODUCT_BUNDLE_IDENTIFIER = han.DemoForInterviewingCrazybabyTests;
				PRODUCT_NAME = "$(TARGET_NAME)";
				TEST_HOST = "$(BUILT_PRODUCTS_DIR)/DemoForInterviewingCrazybaby.app/DemoForInterviewingCrazybaby";
			};
			name = Debug;
		};
		8103D0E41E12464A00A922B1 /* Release */ = {
			isa = XCBuildConfiguration;
			buildSettings = {
				BUNDLE_LOADER = "$(TEST_HOST)";
				INFOPLIST_FILE = DemoForInterviewingCrazybabyTests/Info.plist;
				LD_RUNPATH_SEARCH_PATHS = "$(inherited) @executable_path/Frameworks @loader_path/Frameworks";
				PRODUCT_BUNDLE_IDENTIFIER = han.DemoForInterviewingCrazybabyTests;
				PRODUCT_NAME = "$(TARGET_NAME)";
				TEST_HOST = "$(BUILT_PRODUCTS_DIR)/DemoForInterviewingCrazybaby.app/DemoForInterviewingCrazybaby";
			};
			name = Release;
		};
		8103D0E61E12464A00A922B1 /* Debug */ = {
			isa = XCBuildConfiguration;
			buildSettings = {
				INFOPLIST_FILE = DemoForInterviewingCrazybabyUITests/Info.plist;
				LD_RUNPATH_SEARCH_PATHS = "$(inherited) @executable_path/Frameworks @loader_path/Frameworks";
				PRODUCT_BUNDLE_IDENTIFIER = han.DemoForInterviewingCrazybabyUITests;
				PRODUCT_NAME = "$(TARGET_NAME)";
				TEST_TARGET_NAME = DemoForInterviewingCrazybaby;
			};
			name = Debug;
		};
		8103D0E71E12464A00A922B1 /* Release */ = {
			isa = XCBuildConfiguration;
			buildSettings = {
				INFOPLIST_FILE = DemoForInterviewingCrazybabyUITests/Info.plist;
				LD_RUNPATH_SEARCH_PATHS = "$(inherited) @executable_path/Frameworks @loader_path/Frameworks";
				PRODUCT_BUNDLE_IDENTIFIER = han.DemoForInterviewingCrazybabyUITests;
				PRODUCT_NAME = "$(TARGET_NAME)";
				TEST_TARGET_NAME = DemoForInterviewingCrazybaby;
			};
			name = Release;
		};
/* End XCBuildConfiguration section */

/* Begin XCConfigurationList section */
		8103D0AD1E12464900A922B1 /* Build configuration list for PBXProject "DemoForInterviewingCrazybaby" */ = {
			isa = XCConfigurationList;
			buildConfigurations = (
				8103D0DD1E12464A00A922B1 /* Debug */,
				8103D0DE1E12464A00A922B1 /* Release */,
			);
			defaultConfigurationIsVisible = 0;
			defaultConfigurationName = Release;
		};
		8103D0DF1E12464A00A922B1 /* Build configuration list for PBXNativeTarget "DemoForInterviewingCrazybaby" */ = {
			isa = XCConfigurationList;
			buildConfigurations = (
				8103D0E01E12464A00A922B1 /* Debug */,
				8103D0E11E12464A00A922B1 /* Release */,
			);
			defaultConfigurationIsVisible = 0;
			defaultConfigurationName = Release;
		};
		8103D0E21E12464A00A922B1 /* Build configuration list for PBXNativeTarget "DemoForInterviewingCrazybabyTests" */ = {
			isa = XCConfigurationList;
			buildConfigurations = (
				8103D0E31E12464A00A922B1 /* Debug */,
				8103D0E41E12464A00A922B1 /* Release */,
			);
			defaultConfigurationIsVisible = 0;
			defaultConfigurationName = Release;
		};
		8103D0E51E12464A00A922B1 /* Build configuration list for PBXNativeTarget "DemoForInterviewingCrazybabyUITests" */ = {
			isa = XCConfigurationList;
			buildConfigurations = (
				8103D0E61E12464A00A922B1 /* Debug */,
				8103D0E71E12464A00A922B1 /* Release */,
			);
			defaultConfigurationIsVisible = 0;
			defaultConfigurationName = Release;
		};
/* End XCConfigurationList section */
	};
	rootObject = 8103D0AA1E12464900A922B1 /* Project object */;
}
